
Microsoft Visual Studio Solution File, Format Version 12.00
# Visual Studio Version 16
VisualStudioVersion = 16.0.30406.217
MinimumVisualStudioVersion = 10.0.40219.1
Project("{9A19103F-16F7-4668-BE54-9A1E7A4F7556}") = "Proj1", "Proj1\Proj1.csproj", "{9C70D348-CCE7-4764-9599-1B2DD59682AC}"
EndProject
Global
	GlobalSection(SolutionConfigurationPlatforms) = preSolution
		Debug|Any CPU = Debug|Any CPU
		Release|Any CPU = Release|Any CPU
	EndGlobalSection
	GlobalSection(ProjectConfigurationPlatforms) = postSolution
		{9C70D348-CCE7-4764-9599-1B2DD59682AC}.Debug|Any CPU.ActiveCfg = Debug|Any CPU
		{9C70D348-CCE7-4764-9599-1B2DD59682AC}.Debug|Any CPU.Build.0 = Debug|Any CPU
		{9C70D348-CCE7-4764-9599-1B2DD59682AC}.Release|Any CPU.ActiveCfg = Release|Any CPU
		{9C70D348-CCE7-4764-9599-1B2DD59682AC}.Release|Any CPU.Build.0 = Release|Any CPU
	EndGlobalSection
	GlobalSection(SolutionProperties) = preSolution
		HideSolutionNode = FALSE
	EndGlobalSection
	GlobalSection(ExtensibilityGlobals) = postSolution
		SolutionGuid = {A79526E0-1DB3-424A-86BA-E5369E30C712}
	EndGlobalSection
EndGlobal
