
Microsoft Visual Studio Solution File, Format Version 12.00
# Visual Studio Version 16
VisualStudioVersion = 16.0.30406.217
MinimumVisualStudioVersion = 10.0.40219.1
Project("{FAE04EC0-301F-11D3-BF4B-00C04F79EFBC}") = "DataGridComboBoxDatabase", "DataGridComboBoxDatabase\DataGridComboBoxDatabase.csproj", "{67BA74BD-80B1-46EC-81F8-10CB6A22AE30}"
EndProject
Global
	GlobalSection(SolutionConfigurationPlatforms) = preSolution
		Debug|Any CPU = Debug|Any CPU
		Release|Any CPU = Release|Any CPU
	EndGlobalSection
	GlobalSection(ProjectConfigurationPlatforms) = postSolution
		{67BA74BD-80B1-46EC-81F8-10CB6A22AE30}.Debug|Any CPU.ActiveCfg = Debug|Any CPU
		{67BA74BD-80B1-46EC-81F8-10CB6A22AE30}.Debug|Any CPU.Build.0 = Debug|Any CPU
		{67BA74BD-80B1-46EC-81F8-10CB6A22AE30}.Release|Any CPU.ActiveCfg = Release|Any CPU
		{67BA74BD-80B1-46EC-81F8-10CB6A22AE30}.Release|Any CPU.Build.0 = Release|Any CPU
	EndGlobalSection
	GlobalSection(SolutionProperties) = preSolution
		HideSolutionNode = FALSE
	EndGlobalSection
	GlobalSection(ExtensibilityGlobals) = postSolution
		SolutionGuid = {73638EC2-B0B7-46AE-BFB2-5B43A952EB70}
	EndGlobalSection
EndGlobal
