
Microsoft Visual Studio Solution File, Format Version 12.00
# Visual Studio Version 16
VisualStudioVersion = 16.0.30503.244
MinimumVisualStudioVersion = 10.0.40219.1
Project("{FAE04EC0-301F-11D3-BF4B-00C04F79EFBC}") = "Proj1", "Proj1\Proj1.csproj", "{2FAC924E-65CE-4AA3-B54B-F36919F3025E}"
EndProject
Global
	GlobalSection(SolutionConfigurationPlatforms) = preSolution
		Debug|Any CPU = Debug|Any CPU
		Release|Any CPU = Release|Any CPU
	EndGlobalSection
	GlobalSection(ProjectConfigurationPlatforms) = postSolution
		{2FAC924E-65CE-4AA3-B54B-F36919F3025E}.Debug|Any CPU.ActiveCfg = Debug|Any CPU
		{2FAC924E-65CE-4AA3-B54B-F36919F3025E}.Debug|Any CPU.Build.0 = Debug|Any CPU
		{2FAC924E-65CE-4AA3-B54B-F36919F3025E}.Release|Any CPU.ActiveCfg = Release|Any CPU
		{2FAC924E-65CE-4AA3-B54B-F36919F3025E}.Release|Any CPU.Build.0 = Release|Any CPU
	EndGlobalSection
	GlobalSection(SolutionProperties) = preSolution
		HideSolutionNode = FALSE
	EndGlobalSection
	GlobalSection(ExtensibilityGlobals) = postSolution
		SolutionGuid = {54380049-C3A0-4A3F-8B99-1036B38E2874}
	EndGlobalSection
EndGlobal
